
Microsoft Visual Studio Solution File, Format Version 12.00
# Visual Studio Version 17
VisualStudioVersion = 17.13.35913.81 d17.13
MinimumVisualStudioVersion = 10.0.40219.1
Project("{FAE04EC0-301F-11D3-BF4B-00C04F79EFBC}") = "WinFormsAppISAD", "WinFormsAppISAD\WinFormsAppISAD.csproj", "{27928E4A-2BCC-4E67-A133-6FA8156D8D83}"
EndProject
Global
	GlobalSection(SolutionConfigurationPlatforms) = preSolution
		Debug|Any CPU = Debug|Any CPU
		Release|Any CPU = Release|Any CPU
	EndGlobalSection
	GlobalSection(ProjectConfigurationPlatforms) = postSolution
		{27928E4A-2BCC-4E67-A133-6FA8156D8D83}.Debug|Any CPU.ActiveCfg = Debug|Any CPU
		{27928E4A-2BCC-4E67-A133-6FA8156D8D83}.Debug|Any CPU.Build.0 = Debug|Any CPU
		{27928E4A-2BCC-4E67-A133-6FA8156D8D83}.Release|Any CPU.ActiveCfg = Release|Any CPU
		{27928E4A-2BCC-4E67-A133-6FA8156D8D83}.Release|Any CPU.Build.0 = Release|Any CPU
	EndGlobalSection
	GlobalSection(SolutionProperties) = preSolution
		HideSolutionNode = FALSE
	EndGlobalSection
	GlobalSection(ExtensibilityGlobals) = postSolution
		SolutionGuid = {91496C2F-8F46-4DBB-8DB0-C2E8002CEE8D}
	EndGlobalSection
EndGlobal
