
Microsoft Visual Studio Solution File, Format Version 12.00
# Visual Studio Version 17
VisualStudioVersion = 17.5.002.0
MinimumVisualStudioVersion = 10.0.40219.1
Project("{9A19103F-16F7-4668-BE54-9A1E7A4F7556}") = "triangle", "triangle.csproj", "{C009647A-7409-422B-99CC-635ABB961D01}"
EndProject
Global
	GlobalSection(SolutionConfigurationPlatforms) = preSolution
		Debug|Any CPU = Debug|Any CPU
		Release|Any CPU = Release|Any CPU
	EndGlobalSection
	GlobalSection(ProjectConfigurationPlatforms) = postSolution
		{C009647A-7409-422B-99CC-635ABB961D01}.Debug|Any CPU.ActiveCfg = Debug|Any CPU
		{C009647A-7409-422B-99CC-635ABB961D01}.Debug|Any CPU.Build.0 = Debug|Any CPU
		{C009647A-7409-422B-99CC-635ABB961D01}.Release|Any CPU.ActiveCfg = Release|Any CPU
		{C009647A-7409-422B-99CC-635ABB961D01}.Release|Any CPU.Build.0 = Release|Any CPU
	EndGlobalSection
	GlobalSection(SolutionProperties) = preSolution
		HideSolutionNode = FALSE
	EndGlobalSection
	GlobalSection(ExtensibilityGlobals) = postSolution
		SolutionGuid = {8B8392CE-B892-44CB-9C8C-454D050A7857}
	EndGlobalSection
EndGlobal
